
Microsoft Visual Studio Solution File, Format Version 12.00
# Visual Studio 2013
VisualStudioVersion = 12.0.21005.1
MinimumVisualStudioVersion = 10.0.40219.1
Project("{FAE04EC0-301F-11D3-BF4B-00C04F79EFBC}") = "Lesson002_Task001", "Lesson2_Task1\Lesson002_Task001.csproj", "{76D64CC3-EA08-4929-A711-FF88B9551FCA}"
EndProject
Project("{FAE04EC0-301F-11D3-BF4B-00C04F79EFBC}") = "Lesson002_Task002", "Lesson2_Task2\Lesson002_Task002.csproj", "{C6B2C0BB-1EDC-4C82-891B-2832F0716615}"
EndProject
Project("{FAE04EC0-301F-11D3-BF4B-00C04F79EFBC}") = "Lesson002_Task004", "Lesson2_Task4\Lesson002_Task004.csproj", "{960D8B36-9339-445C-A02E-B075FD6B0359}"
EndProject
Project("{FAE04EC0-301F-11D3-BF4B-00C04F79EFBC}") = "Lesson002_Task005", "Lesson2_Task5\Lesson002_Task005.csproj", "{AACD2259-83F5-4502-A500-024B05CF1CD6}"
EndProject
Project("{FAE04EC0-301F-11D3-BF4B-00C04F79EFBC}") = "Lesson002_Task006", "Lesson2_Task6\Lesson002_Task006.csproj", "{AF5A94E8-70A4-446A-ADF5-BC867DBB2A82}"
EndProject
Project("{FAE04EC0-301F-11D3-BF4B-00C04F79EFBC}") = "Lesson002_Task007", "Lesson2_Task7\Lesson002_Task007.csproj", "{DB0516ED-9952-4CC6-AC26-5A5456AFCEE1}"
EndProject
Project("{FAE04EC0-301F-11D3-BF4B-00C04F79EFBC}") = "Lesson002_Task008", "Lesson2_Task8\Lesson002_Task008.csproj", "{6556296A-B505-4557-9951-2D76644C9272}"
EndProject
Project("{FAE04EC0-301F-11D3-BF4B-00C04F79EFBC}") = "Lesson002_Task009", "Lesson2_Task9\Lesson002_Task009.csproj", "{2A47A2D2-E6FE-4F3D-846D-FA2C04EA2AD1}"
EndProject
Project("{FAE04EC0-301F-11D3-BF4B-00C04F79EFBC}") = "Lesson002_Task010", "Lesson2_Task10\Lesson002_Task010.csproj", "{25DC5288-A16E-4164-964D-10EA1B5DEFED}"
EndProject
Global
	GlobalSection(SolutionConfigurationPlatforms) = preSolution
		Debug|Any CPU = Debug|Any CPU
		Release|Any CPU = Release|Any CPU
	EndGlobalSection
	GlobalSection(ProjectConfigurationPlatforms) = postSolution
		{76D64CC3-EA08-4929-A711-FF88B9551FCA}.Debug|Any CPU.ActiveCfg = Debug|Any CPU
		{76D64CC3-EA08-4929-A711-FF88B9551FCA}.Debug|Any CPU.Build.0 = Debug|Any CPU
		{76D64CC3-EA08-4929-A711-FF88B9551FCA}.Release|Any CPU.ActiveCfg = Release|Any CPU
		{76D64CC3-EA08-4929-A711-FF88B9551FCA}.Release|Any CPU.Build.0 = Release|Any CPU
		{C6B2C0BB-1EDC-4C82-891B-2832F0716615}.Debug|Any CPU.ActiveCfg = Debug|Any CPU
		{C6B2C0BB-1EDC-4C82-891B-2832F0716615}.Debug|Any CPU.Build.0 = Debug|Any CPU
		{C6B2C0BB-1EDC-4C82-891B-2832F0716615}.Release|Any CPU.ActiveCfg = Release|Any CPU
		{C6B2C0BB-1EDC-4C82-891B-2832F0716615}.Release|Any CPU.Build.0 = Release|Any CPU
		{960D8B36-9339-445C-A02E-B075FD6B0359}.Debug|Any CPU.ActiveCfg = Debug|Any CPU
		{960D8B36-9339-445C-A02E-B075FD6B0359}.Debug|Any CPU.Build.0 = Debug|Any CPU
		{960D8B36-9339-445C-A02E-B075FD6B0359}.Release|Any CPU.ActiveCfg = Release|Any CPU
		{960D8B36-9339-445C-A02E-B075FD6B0359}.Release|Any CPU.Build.0 = Release|Any CPU
		{AACD2259-83F5-4502-A500-024B05CF1CD6}.Debug|Any CPU.ActiveCfg = Debug|Any CPU
		{AACD2259-83F5-4502-A500-024B05CF1CD6}.Debug|Any CPU.Build.0 = Debug|Any CPU
		{AACD2259-83F5-4502-A500-024B05CF1CD6}.Release|Any CPU.ActiveCfg = Release|Any CPU
		{AACD2259-83F5-4502-A500-024B05CF1CD6}.Release|Any CPU.Build.0 = Release|Any CPU
		{AF5A94E8-70A4-446A-ADF5-BC867DBB2A82}.Debug|Any CPU.ActiveCfg = Debug|Any CPU
		{AF5A94E8-70A4-446A-ADF5-BC867DBB2A82}.Debug|Any CPU.Build.0 = Debug|Any CPU
		{AF5A94E8-70A4-446A-ADF5-BC867DBB2A82}.Release|Any CPU.ActiveCfg = Release|Any CPU
		{AF5A94E8-70A4-446A-ADF5-BC867DBB2A82}.Release|Any CPU.Build.0 = Release|Any CPU
		{DB0516ED-9952-4CC6-AC26-5A5456AFCEE1}.Debug|Any CPU.ActiveCfg = Debug|Any CPU
		{DB0516ED-9952-4CC6-AC26-5A5456AFCEE1}.Debug|Any CPU.Build.0 = Debug|Any CPU
		{DB0516ED-9952-4CC6-AC26-5A5456AFCEE1}.Release|Any CPU.ActiveCfg = Release|Any CPU
		{DB0516ED-9952-4CC6-AC26-5A5456AFCEE1}.Release|Any CPU.Build.0 = Release|Any CPU
		{6556296A-B505-4557-9951-2D76644C9272}.Debug|Any CPU.ActiveCfg = Debug|Any CPU
		{6556296A-B505-4557-9951-2D76644C9272}.Debug|Any CPU.Build.0 = Debug|Any CPU
		{6556296A-B505-4557-9951-2D76644C9272}.Release|Any CPU.ActiveCfg = Release|Any CPU
		{6556296A-B505-4557-9951-2D76644C9272}.Release|Any CPU.Build.0 = Release|Any CPU
		{2A47A2D2-E6FE-4F3D-846D-FA2C04EA2AD1}.Debug|Any CPU.ActiveCfg = Debug|Any CPU
		{2A47A2D2-E6FE-4F3D-846D-FA2C04EA2AD1}.Debug|Any CPU.Build.0 = Debug|Any CPU
		{2A47A2D2-E6FE-4F3D-846D-FA2C04EA2AD1}.Release|Any CPU.ActiveCfg = Release|Any CPU
		{2A47A2D2-E6FE-4F3D-846D-FA2C04EA2AD1}.Release|Any CPU.Build.0 = Release|Any CPU
		{25DC5288-A16E-4164-964D-10EA1B5DEFED}.Debug|Any CPU.ActiveCfg = Debug|Any CPU
		{25DC5288-A16E-4164-964D-10EA1B5DEFED}.Debug|Any CPU.Build.0 = Debug|Any CPU
		{25DC5288-A16E-4164-964D-10EA1B5DEFED}.Release|Any CPU.ActiveCfg = Release|Any CPU
		{25DC5288-A16E-4164-964D-10EA1B5DEFED}.Release|Any CPU.Build.0 = Release|Any CPU
	EndGlobalSection
	GlobalSection(SolutionProperties) = preSolution
		HideSolutionNode = FALSE
	EndGlobalSection
EndGlobal
